{
  "originHash" : "f7ff68970fc787aea5a40872e485763f9df4e40b9ecbf48402c78a3a69c835af",
  "pins" : [
    {
      "identity" : "libghostty-spm",
      "kind" : "remoteSourceControl",
      "location" : "https://github.com/Lakr233/libghostty-spm.git",
      "state" : {
        "revision" : "b146b73a8ba3ed2678a22a9de5feecfcbf298d48",
        "version" : "1.3.2"
      }
    },
    {
      "identity" : "msdisplaylink",
      "kind" : "remoteSourceControl",
      "location" : "https://github.com/Lakr233/MSDisplayLink.git",
      "state" : {
        "revision" : "1ba3e769b734e456317fa7e45321fa7f53eefb67",
        "version" : "2.1.0"
      }
    }
  ],
  "version" : 3
}
